
Microsoft Visual Studio Solution File, Format Version 12.00
# Visual Studio Version 16
VisualStudioVersion = 16.0.32802.440
MinimumVisualStudioVersion = 10.0.40219.1
Project("{FAE04EC0-301F-11D3-BF4B-00C04F79EFBC}") = "LaiHoangTung_2020607981", "LaiHoangTung_2020607981.csproj", "{B23903FD-434A-404C-B590-A640F05C3CCF}"
EndProject
Global
	GlobalSection(SolutionConfigurationPlatforms) = preSolution
		Debug|Any CPU = Debug|Any CPU
		Release|Any CPU = Release|Any CPU
	EndGlobalSection
	GlobalSection(ProjectConfigurationPlatforms) = postSolution
		{B23903FD-434A-404C-B590-A640F05C3CCF}.Debug|Any CPU.ActiveCfg = Debug|Any CPU
		{B23903FD-434A-404C-B590-A640F05C3CCF}.Debug|Any CPU.Build.0 = Debug|Any CPU
		{B23903FD-434A-404C-B590-A640F05C3CCF}.Release|Any CPU.ActiveCfg = Release|Any CPU
		{B23903FD-434A-404C-B590-A640F05C3CCF}.Release|Any CPU.Build.0 = Release|Any CPU
	EndGlobalSection
	GlobalSection(SolutionProperties) = preSolution
		HideSolutionNode = FALSE
	EndGlobalSection
	GlobalSection(ExtensibilityGlobals) = postSolution
		SolutionGuid = {37A48135-7CEE-4836-9806-F9D5D96D22AC}
	EndGlobalSection
EndGlobal
